
Microsoft Visual Studio Solution File, Format Version 12.00
# Visual Studio Version 17
VisualStudioVersion = 17.2.32630.192
MinimumVisualStudioVersion = 10.0.40219.1
Project("{2150E333-8FDC-42A3-9474-1A3956D46DE8}") = "Services", "Services", "{842D516C-AE85-4126-9B00-A6CD1B909BDD}"
EndProject
Project("{2150E333-8FDC-42A3-9474-1A3956D46DE8}") = "Catalog", "Catalog", "{674CF6A7-1659-4C56-AA19-9E7F810AFB36}"
EndProject
Project("{9A19103F-16F7-4668-BE54-9A1E7A4F7556}") = "Catalog.API", "Services\Catalog\Catalog.API\Catalog.API.csproj", "{F21970B2-DCAD-4607-8196-F70FD5C9FA79}"
EndProject
Project("{E53339B2-1760-4266-BCC7-CA923CBCF16C}") = "docker-compose", "docker-compose.dcproj", "{824C6C43-B860-45C2-B19C-5BE5D7C41B57}"
EndProject
Project("{2150E333-8FDC-42A3-9474-1A3956D46DE8}") = "Basket", "Basket", "{37FFAD36-60D0-415B-8B95-3C40AFB0761E}"
EndProject
Project("{9A19103F-16F7-4668-BE54-9A1E7A4F7556}") = "Basket.API", "Services\Basket\Basket.API\Basket.API.csproj", "{E4E30261-6F37-4B49-A2BD-C8D5F3FDF197}"
EndProject
Project("{2150E333-8FDC-42A3-9474-1A3956D46DE8}") = "Discount", "Discount", "{4B5E46D4-C2E2-4670-9A86-FE6526007E38}"
EndProject
Project("{9A19103F-16F7-4668-BE54-9A1E7A4F7556}") = "Discount.API", "Services\Discount\Discount.API\Discount.API.csproj", "{EA8C3A35-9A08-4E34-AD23-34465F4663A4}"
EndProject
Project("{9A19103F-16F7-4668-BE54-9A1E7A4F7556}") = "Discount.Grpc", "Services\Discount\Discount.Grpc\Discount.Grpc.csproj", "{4B830487-FEB0-494E-A01E-2050C0267822}"
EndProject
Project("{2150E333-8FDC-42A3-9474-1A3956D46DE8}") = "Ordering", "Ordering", "{71C4ACED-BDCF-404F-8C1A-35F564348A5D}"
EndProject
Project("{9A19103F-16F7-4668-BE54-9A1E7A4F7556}") = "Ordering.API", "Services\Ordering\Ordering.API\Ordering.API.csproj", "{052D44B6-0B65-4B34-ADAF-0ED877E429C0}"
EndProject
Project("{9A19103F-16F7-4668-BE54-9A1E7A4F7556}") = "Ordering.Domain", "Services\Ordering\Ordering.Domain\Ordering.Domain.csproj", "{B0FE90B7-5332-448F-A21E-EF3972CC6AE4}"
EndProject
Project("{9A19103F-16F7-4668-BE54-9A1E7A4F7556}") = "Ordering.Application", "Services\Ordering\Ordering.Application\Ordering.Application.csproj", "{493CC744-6051-48DF-BB68-82C67ADA6104}"
EndProject
Project("{9A19103F-16F7-4668-BE54-9A1E7A4F7556}") = "Ordering.Infrastructure", "Services\Ordering\Ordering.Infrastructure\Ordering.Infrastructure.csproj", "{225C2628-30D8-433A-8A12-0DDCC0F09680}"
EndProject
Project("{2150E333-8FDC-42A3-9474-1A3956D46DE8}") = "BuildingBlocks", "BuildingBlocks", "{1B19344C-AAE8-4C9E-A6F0-B2ABE9A12C08}"
EndProject
Project("{FAE04EC0-301F-11D3-BF4B-00C04F79EFBC}") = "EventBus.Message", "BuildingBlocks\EventBus.Message\EventBus.Message.csproj", "{822011F0-776E-4940-B00F-A77DAF5BBBC3}"
EndProject
Global
	GlobalSection(SolutionConfigurationPlatforms) = preSolution
		Debug|Any CPU = Debug|Any CPU
		Release|Any CPU = Release|Any CPU
	EndGlobalSection
	GlobalSection(ProjectConfigurationPlatforms) = postSolution
		{F21970B2-DCAD-4607-8196-F70FD5C9FA79}.Debug|Any CPU.ActiveCfg = Debug|Any CPU
		{F21970B2-DCAD-4607-8196-F70FD5C9FA79}.Debug|Any CPU.Build.0 = Debug|Any CPU
		{F21970B2-DCAD-4607-8196-F70FD5C9FA79}.Release|Any CPU.ActiveCfg = Release|Any CPU
		{F21970B2-DCAD-4607-8196-F70FD5C9FA79}.Release|Any CPU.Build.0 = Release|Any CPU
		{824C6C43-B860-45C2-B19C-5BE5D7C41B57}.Debug|Any CPU.ActiveCfg = Debug|Any CPU
		{824C6C43-B860-45C2-B19C-5BE5D7C41B57}.Debug|Any CPU.Build.0 = Debug|Any CPU
		{824C6C43-B860-45C2-B19C-5BE5D7C41B57}.Release|Any CPU.ActiveCfg = Release|Any CPU
		{824C6C43-B860-45C2-B19C-5BE5D7C41B57}.Release|Any CPU.Build.0 = Release|Any CPU
		{E4E30261-6F37-4B49-A2BD-C8D5F3FDF197}.Debug|Any CPU.ActiveCfg = Debug|Any CPU
		{E4E30261-6F37-4B49-A2BD-C8D5F3FDF197}.Debug|Any CPU.Build.0 = Debug|Any CPU
		{E4E30261-6F37-4B49-A2BD-C8D5F3FDF197}.Release|Any CPU.ActiveCfg = Release|Any CPU
		{E4E30261-6F37-4B49-A2BD-C8D5F3FDF197}.Release|Any CPU.Build.0 = Release|Any CPU
		{EA8C3A35-9A08-4E34-AD23-34465F4663A4}.Debug|Any CPU.ActiveCfg = Debug|Any CPU
		{EA8C3A35-9A08-4E34-AD23-34465F4663A4}.Debug|Any CPU.Build.0 = Debug|Any CPU
		{EA8C3A35-9A08-4E34-AD23-34465F4663A4}.Release|Any CPU.ActiveCfg = Release|Any CPU
		{EA8C3A35-9A08-4E34-AD23-34465F4663A4}.Release|Any CPU.Build.0 = Release|Any CPU
		{4B830487-FEB0-494E-A01E-2050C0267822}.Debug|Any CPU.ActiveCfg = Debug|Any CPU
		{4B830487-FEB0-494E-A01E-2050C0267822}.Debug|Any CPU.Build.0 = Debug|Any CPU
		{4B830487-FEB0-494E-A01E-2050C0267822}.Release|Any CPU.ActiveCfg = Release|Any CPU
		{4B830487-FEB0-494E-A01E-2050C0267822}.Release|Any CPU.Build.0 = Release|Any CPU
		{052D44B6-0B65-4B34-ADAF-0ED877E429C0}.Debug|Any CPU.ActiveCfg = Debug|Any CPU
		{052D44B6-0B65-4B34-ADAF-0ED877E429C0}.Debug|Any CPU.Build.0 = Debug|Any CPU
		{052D44B6-0B65-4B34-ADAF-0ED877E429C0}.Release|Any CPU.ActiveCfg = Release|Any CPU
		{052D44B6-0B65-4B34-ADAF-0ED877E429C0}.Release|Any CPU.Build.0 = Release|Any CPU
		{B0FE90B7-5332-448F-A21E-EF3972CC6AE4}.Debug|Any CPU.ActiveCfg = Debug|Any CPU
		{B0FE90B7-5332-448F-A21E-EF3972CC6AE4}.Debug|Any CPU.Build.0 = Debug|Any CPU
		{B0FE90B7-5332-448F-A21E-EF3972CC6AE4}.Release|Any CPU.ActiveCfg = Release|Any CPU
		{B0FE90B7-5332-448F-A21E-EF3972CC6AE4}.Release|Any CPU.Build.0 = Release|Any CPU
		{493CC744-6051-48DF-BB68-82C67ADA6104}.Debug|Any CPU.ActiveCfg = Debug|Any CPU
		{493CC744-6051-48DF-BB68-82C67ADA6104}.Debug|Any CPU.Build.0 = Debug|Any CPU
		{493CC744-6051-48DF-BB68-82C67ADA6104}.Release|Any CPU.ActiveCfg = Release|Any CPU
		{493CC744-6051-48DF-BB68-82C67ADA6104}.Release|Any CPU.Build.0 = Release|Any CPU
		{225C2628-30D8-433A-8A12-0DDCC0F09680}.Debug|Any CPU.ActiveCfg = Debug|Any CPU
		{225C2628-30D8-433A-8A12-0DDCC0F09680}.Debug|Any CPU.Build.0 = Debug|Any CPU
		{225C2628-30D8-433A-8A12-0DDCC0F09680}.Release|Any CPU.ActiveCfg = Release|Any CPU
		{225C2628-30D8-433A-8A12-0DDCC0F09680}.Release|Any CPU.Build.0 = Release|Any CPU
		{822011F0-776E-4940-B00F-A77DAF5BBBC3}.Debug|Any CPU.ActiveCfg = Debug|Any CPU
		{822011F0-776E-4940-B00F-A77DAF5BBBC3}.Debug|Any CPU.Build.0 = Debug|Any CPU
		{822011F0-776E-4940-B00F-A77DAF5BBBC3}.Release|Any CPU.ActiveCfg = Release|Any CPU
		{822011F0-776E-4940-B00F-A77DAF5BBBC3}.Release|Any CPU.Build.0 = Release|Any CPU
	EndGlobalSection
	GlobalSection(SolutionProperties) = preSolution
		HideSolutionNode = FALSE
	EndGlobalSection
	GlobalSection(NestedProjects) = preSolution
		{674CF6A7-1659-4C56-AA19-9E7F810AFB36} = {842D516C-AE85-4126-9B00-A6CD1B909BDD}
		{F21970B2-DCAD-4607-8196-F70FD5C9FA79} = {674CF6A7-1659-4C56-AA19-9E7F810AFB36}
		{37FFAD36-60D0-415B-8B95-3C40AFB0761E} = {842D516C-AE85-4126-9B00-A6CD1B909BDD}
		{E4E30261-6F37-4B49-A2BD-C8D5F3FDF197} = {37FFAD36-60D0-415B-8B95-3C40AFB0761E}
		{4B5E46D4-C2E2-4670-9A86-FE6526007E38} = {842D516C-AE85-4126-9B00-A6CD1B909BDD}
		{EA8C3A35-9A08-4E34-AD23-34465F4663A4} = {4B5E46D4-C2E2-4670-9A86-FE6526007E38}
		{4B830487-FEB0-494E-A01E-2050C0267822} = {4B5E46D4-C2E2-4670-9A86-FE6526007E38}
		{71C4ACED-BDCF-404F-8C1A-35F564348A5D} = {842D516C-AE85-4126-9B00-A6CD1B909BDD}
		{052D44B6-0B65-4B34-ADAF-0ED877E429C0} = {71C4ACED-BDCF-404F-8C1A-35F564348A5D}
		{B0FE90B7-5332-448F-A21E-EF3972CC6AE4} = {71C4ACED-BDCF-404F-8C1A-35F564348A5D}
		{493CC744-6051-48DF-BB68-82C67ADA6104} = {71C4ACED-BDCF-404F-8C1A-35F564348A5D}
		{225C2628-30D8-433A-8A12-0DDCC0F09680} = {71C4ACED-BDCF-404F-8C1A-35F564348A5D}
		{822011F0-776E-4940-B00F-A77DAF5BBBC3} = {1B19344C-AAE8-4C9E-A6F0-B2ABE9A12C08}
	EndGlobalSection
	GlobalSection(ExtensibilityGlobals) = postSolution
		SolutionGuid = {1C20C7E2-4C90-4025-A743-5E60B5657B98}
	EndGlobalSection
EndGlobal
